
Microsoft Visual Studio Solution File, Format Version 12.00
# Visual Studio Version 17
VisualStudioVersion = 17.0.31611.283
MinimumVisualStudioVersion = 10.0.40219.1
Project("{2150E333-8FDC-42A3-9474-1A3956D46DE8}") = "Tests", "Tests", "{A0DA3243-6E13-4A97-A794-9AF90DF06F28}"
EndProject
Project("{9A19103F-16F7-4668-BE54-9A1E7A4F7556}") = "PolarShadowTests", "Tests\PolarShadowTests\PolarShadowTests.csproj", "{D948F56C-BB01-486C-BAAD-1C373A918C67}"
EndProject
Project("{9A19103F-16F7-4668-BE54-9A1E7A4F7556}") = "PolarShadow.Storage", "PolarShadow.Storage\PolarShadow.Storage.csproj", "{796E2A08-2312-45A5-9091-EB901A83E0F3}"
EndProject
Project("{9A19103F-16F7-4668-BE54-9A1E7A4F7556}") = "PolarShadow.Storage.Sqlite.Migrations", "PolarShadow.Storage.Sqlite.Migrations\PolarShadow.Storage.Sqlite.Migrations.csproj", "{C148FBED-071E-4088-9B0A-1662B866A18E}"
EndProject
Project("{9A19103F-16F7-4668-BE54-9A1E7A4F7556}") = "PolarShadow.Api", "PolarShadow.Api\PolarShadow.Api.csproj", "{246F6DE1-E83C-493F-9B44-8876C1BFB64E}"
EndProject
Project("{9A19103F-16F7-4668-BE54-9A1E7A4F7556}") = "PolarShadow.Tool", "PolarShadow.Tool\PolarShadow.Tool.csproj", "{69C1D0FD-6ED3-4518-8EC7-E8204CD3B539}"
EndProject
Project("{9A19103F-16F7-4668-BE54-9A1E7A4F7556}") = "PolarShadow.Configuration", "PolarShadow.Configuration\PolarShadow.Configuration.csproj", "{2C9F4DC0-1C7E-492D-AA72-4748B59EFD6A}"
EndProject
Project("{9A19103F-16F7-4668-BE54-9A1E7A4F7556}") = "PolarShadow.Services.Abstractions", "PolarShadow.Services.Abstractions\PolarShadow.Services.Abstractions.csproj", "{15DFB1D9-7E86-464A-A327-DED420B78AC0}"
EndProject
Project("{2150E333-8FDC-42A3-9474-1A3956D46DE8}") = "App", "App", "{8726A30E-6649-42DC-8F8B-4229BD8E517F}"
EndProject
Project("{9A19103F-16F7-4668-BE54-9A1E7A4F7556}") = "PolarShadow", "PolarShadow\PolarShadow.csproj", "{3BCD57B9-2446-4B63-9A10-20458576EA5D}"
EndProject
Project("{9A19103F-16F7-4668-BE54-9A1E7A4F7556}") = "PolarShadow.Android", "PolarShadow.Android\PolarShadow.Android.csproj", "{C3AF0489-4331-4591-8F98-5905A3486441}"
EndProject
Project("{9A19103F-16F7-4668-BE54-9A1E7A4F7556}") = "PolarShadow.Desktop", "PolarShadow.Desktop\PolarShadow.Desktop.csproj", "{9E9B3946-B17E-4C6F-A0F2-0D2D70953817}"
EndProject
Project("{9A19103F-16F7-4668-BE54-9A1E7A4F7556}") = "PolarShadow.Aria2", "PolarShadow.Aria2\PolarShadow.Aria2.csproj", "{EFA51906-4C3A-451F-BAB1-FF9EE458F4C2}"
EndProject
Project("{9A19103F-16F7-4668-BE54-9A1E7A4F7556}") = "PolarShadow.Resources", "PolarShadow.Resources\PolarShadow.Resources.csproj", "{30AF3822-85BD-42A3-94A5-7392691E24E2}"
EndProject
Project("{9A19103F-16F7-4668-BE54-9A1E7A4F7556}") = "PolarShadow.Resources.Models", "PolarShadow.Resources.Models\PolarShadow.Resources.Models.csproj", "{F47EFFAC-8CEF-437A-AF39-A9752BB3C832}"
EndProject
Project("{9A19103F-16F7-4668-BE54-9A1E7A4F7556}") = "Avalonia.NativeControls.Windows", "Avalonia.NativeControls.Windows\Avalonia.NativeControls.Windows.csproj", "{9E194E95-67B8-4309-8857-46260E608B77}"
EndProject
Project("{9A19103F-16F7-4668-BE54-9A1E7A4F7556}") = "Avalonia.NativeControls.Android", "Avalonia.NativeControls.Android\Avalonia.NativeControls.Android.csproj", "{3C148FE5-D0A6-42B8-8B66-EB5CAB76D281}"
EndProject
Project("{2150E333-8FDC-42A3-9474-1A3956D46DE8}") = "NativeControls", "NativeControls", "{800A4439-0D45-427E-9390-3EF000FF5F4A}"
	ProjectSection(SolutionItems) = preProject
		PolarShadow.Desktop\Program.cs = PolarShadow.Desktop\Program.cs
	EndProjectSection
EndProject
Project("{9A19103F-16F7-4668-BE54-9A1E7A4F7556}") = "Avalonia.NativeControls", "Avalonia.NativeControls\Avalonia.NativeControls.csproj", "{6E456E0E-BE52-40AC-AD86-A38E01DFFA7D}"
EndProject
Project("{9A19103F-16F7-4668-BE54-9A1E7A4F7556}") = "PolarShadow.Core", "PolarShadow.Core\src\PolarShadow.Core\PolarShadow.Core.csproj", "{A37A0ACF-0B7F-4708-A697-20F40001465F}"
EndProject
Global
	GlobalSection(SolutionConfigurationPlatforms) = preSolution
		Debug|Any CPU = Debug|Any CPU
		Release|Any CPU = Release|Any CPU
	EndGlobalSection
	GlobalSection(ProjectConfigurationPlatforms) = postSolution
		{D948F56C-BB01-486C-BAAD-1C373A918C67}.Debug|Any CPU.ActiveCfg = Debug|Any CPU
		{D948F56C-BB01-486C-BAAD-1C373A918C67}.Debug|Any CPU.Build.0 = Debug|Any CPU
		{D948F56C-BB01-486C-BAAD-1C373A918C67}.Release|Any CPU.ActiveCfg = Release|Any CPU
		{D948F56C-BB01-486C-BAAD-1C373A918C67}.Release|Any CPU.Build.0 = Release|Any CPU
		{796E2A08-2312-45A5-9091-EB901A83E0F3}.Debug|Any CPU.ActiveCfg = Debug|Any CPU
		{796E2A08-2312-45A5-9091-EB901A83E0F3}.Debug|Any CPU.Build.0 = Debug|Any CPU
		{796E2A08-2312-45A5-9091-EB901A83E0F3}.Release|Any CPU.ActiveCfg = Release|Any CPU
		{796E2A08-2312-45A5-9091-EB901A83E0F3}.Release|Any CPU.Build.0 = Release|Any CPU
		{C148FBED-071E-4088-9B0A-1662B866A18E}.Debug|Any CPU.ActiveCfg = Debug|Any CPU
		{C148FBED-071E-4088-9B0A-1662B866A18E}.Debug|Any CPU.Build.0 = Debug|Any CPU
		{C148FBED-071E-4088-9B0A-1662B866A18E}.Release|Any CPU.ActiveCfg = Release|Any CPU
		{C148FBED-071E-4088-9B0A-1662B866A18E}.Release|Any CPU.Build.0 = Release|Any CPU
		{246F6DE1-E83C-493F-9B44-8876C1BFB64E}.Debug|Any CPU.ActiveCfg = Debug|Any CPU
		{246F6DE1-E83C-493F-9B44-8876C1BFB64E}.Debug|Any CPU.Build.0 = Debug|Any CPU
		{246F6DE1-E83C-493F-9B44-8876C1BFB64E}.Release|Any CPU.ActiveCfg = Release|Any CPU
		{246F6DE1-E83C-493F-9B44-8876C1BFB64E}.Release|Any CPU.Build.0 = Release|Any CPU
		{69C1D0FD-6ED3-4518-8EC7-E8204CD3B539}.Debug|Any CPU.ActiveCfg = Debug|Any CPU
		{69C1D0FD-6ED3-4518-8EC7-E8204CD3B539}.Debug|Any CPU.Build.0 = Debug|Any CPU
		{69C1D0FD-6ED3-4518-8EC7-E8204CD3B539}.Release|Any CPU.ActiveCfg = Release|Any CPU
		{69C1D0FD-6ED3-4518-8EC7-E8204CD3B539}.Release|Any CPU.Build.0 = Release|Any CPU
		{2C9F4DC0-1C7E-492D-AA72-4748B59EFD6A}.Debug|Any CPU.ActiveCfg = Debug|Any CPU
		{2C9F4DC0-1C7E-492D-AA72-4748B59EFD6A}.Debug|Any CPU.Build.0 = Debug|Any CPU
		{2C9F4DC0-1C7E-492D-AA72-4748B59EFD6A}.Release|Any CPU.ActiveCfg = Release|Any CPU
		{2C9F4DC0-1C7E-492D-AA72-4748B59EFD6A}.Release|Any CPU.Build.0 = Release|Any CPU
		{15DFB1D9-7E86-464A-A327-DED420B78AC0}.Debug|Any CPU.ActiveCfg = Debug|Any CPU
		{15DFB1D9-7E86-464A-A327-DED420B78AC0}.Debug|Any CPU.Build.0 = Debug|Any CPU
		{15DFB1D9-7E86-464A-A327-DED420B78AC0}.Release|Any CPU.ActiveCfg = Release|Any CPU
		{15DFB1D9-7E86-464A-A327-DED420B78AC0}.Release|Any CPU.Build.0 = Release|Any CPU
		{3BCD57B9-2446-4B63-9A10-20458576EA5D}.Debug|Any CPU.ActiveCfg = Debug|Any CPU
		{3BCD57B9-2446-4B63-9A10-20458576EA5D}.Debug|Any CPU.Build.0 = Debug|Any CPU
		{3BCD57B9-2446-4B63-9A10-20458576EA5D}.Release|Any CPU.ActiveCfg = Release|Any CPU
		{3BCD57B9-2446-4B63-9A10-20458576EA5D}.Release|Any CPU.Build.0 = Release|Any CPU
		{C3AF0489-4331-4591-8F98-5905A3486441}.Debug|Any CPU.ActiveCfg = Debug|Any CPU
		{C3AF0489-4331-4591-8F98-5905A3486441}.Debug|Any CPU.Build.0 = Debug|Any CPU
		{C3AF0489-4331-4591-8F98-5905A3486441}.Debug|Any CPU.Deploy.0 = Debug|Any CPU
		{C3AF0489-4331-4591-8F98-5905A3486441}.Release|Any CPU.ActiveCfg = Release|Any CPU
		{C3AF0489-4331-4591-8F98-5905A3486441}.Release|Any CPU.Build.0 = Release|Any CPU
		{C3AF0489-4331-4591-8F98-5905A3486441}.Release|Any CPU.Deploy.0 = Release|Any CPU
		{9E9B3946-B17E-4C6F-A0F2-0D2D70953817}.Debug|Any CPU.ActiveCfg = Debug|Any CPU
		{9E9B3946-B17E-4C6F-A0F2-0D2D70953817}.Debug|Any CPU.Build.0 = Debug|Any CPU
		{9E9B3946-B17E-4C6F-A0F2-0D2D70953817}.Release|Any CPU.ActiveCfg = Release|Any CPU
		{9E9B3946-B17E-4C6F-A0F2-0D2D70953817}.Release|Any CPU.Build.0 = Release|Any CPU
		{EFA51906-4C3A-451F-BAB1-FF9EE458F4C2}.Debug|Any CPU.ActiveCfg = Debug|Any CPU
		{EFA51906-4C3A-451F-BAB1-FF9EE458F4C2}.Debug|Any CPU.Build.0 = Debug|Any CPU
		{EFA51906-4C3A-451F-BAB1-FF9EE458F4C2}.Release|Any CPU.ActiveCfg = Release|Any CPU
		{EFA51906-4C3A-451F-BAB1-FF9EE458F4C2}.Release|Any CPU.Build.0 = Release|Any CPU
		{30AF3822-85BD-42A3-94A5-7392691E24E2}.Debug|Any CPU.ActiveCfg = Debug|Any CPU
		{30AF3822-85BD-42A3-94A5-7392691E24E2}.Debug|Any CPU.Build.0 = Debug|Any CPU
		{30AF3822-85BD-42A3-94A5-7392691E24E2}.Release|Any CPU.ActiveCfg = Release|Any CPU
		{30AF3822-85BD-42A3-94A5-7392691E24E2}.Release|Any CPU.Build.0 = Release|Any CPU
		{F47EFFAC-8CEF-437A-AF39-A9752BB3C832}.Debug|Any CPU.ActiveCfg = Debug|Any CPU
		{F47EFFAC-8CEF-437A-AF39-A9752BB3C832}.Debug|Any CPU.Build.0 = Debug|Any CPU
		{F47EFFAC-8CEF-437A-AF39-A9752BB3C832}.Release|Any CPU.ActiveCfg = Release|Any CPU
		{F47EFFAC-8CEF-437A-AF39-A9752BB3C832}.Release|Any CPU.Build.0 = Release|Any CPU
		{9E194E95-67B8-4309-8857-46260E608B77}.Debug|Any CPU.ActiveCfg = Debug|Any CPU
		{9E194E95-67B8-4309-8857-46260E608B77}.Debug|Any CPU.Build.0 = Debug|Any CPU
		{9E194E95-67B8-4309-8857-46260E608B77}.Release|Any CPU.ActiveCfg = Release|Any CPU
		{9E194E95-67B8-4309-8857-46260E608B77}.Release|Any CPU.Build.0 = Release|Any CPU
		{3C148FE5-D0A6-42B8-8B66-EB5CAB76D281}.Debug|Any CPU.ActiveCfg = Debug|Any CPU
		{3C148FE5-D0A6-42B8-8B66-EB5CAB76D281}.Debug|Any CPU.Build.0 = Debug|Any CPU
		{3C148FE5-D0A6-42B8-8B66-EB5CAB76D281}.Release|Any CPU.ActiveCfg = Release|Any CPU
		{3C148FE5-D0A6-42B8-8B66-EB5CAB76D281}.Release|Any CPU.Build.0 = Release|Any CPU
		{6E456E0E-BE52-40AC-AD86-A38E01DFFA7D}.Debug|Any CPU.ActiveCfg = Debug|Any CPU
		{6E456E0E-BE52-40AC-AD86-A38E01DFFA7D}.Debug|Any CPU.Build.0 = Debug|Any CPU
		{6E456E0E-BE52-40AC-AD86-A38E01DFFA7D}.Release|Any CPU.ActiveCfg = Release|Any CPU
		{6E456E0E-BE52-40AC-AD86-A38E01DFFA7D}.Release|Any CPU.Build.0 = Release|Any CPU
		{A37A0ACF-0B7F-4708-A697-20F40001465F}.Debug|Any CPU.ActiveCfg = Debug|Any CPU
		{A37A0ACF-0B7F-4708-A697-20F40001465F}.Debug|Any CPU.Build.0 = Debug|Any CPU
		{A37A0ACF-0B7F-4708-A697-20F40001465F}.Release|Any CPU.ActiveCfg = Release|Any CPU
		{A37A0ACF-0B7F-4708-A697-20F40001465F}.Release|Any CPU.Build.0 = Release|Any CPU
	EndGlobalSection
	GlobalSection(SolutionProperties) = preSolution
		HideSolutionNode = FALSE
	EndGlobalSection
	GlobalSection(NestedProjects) = preSolution
		{D948F56C-BB01-486C-BAAD-1C373A918C67} = {A0DA3243-6E13-4A97-A794-9AF90DF06F28}
		{3BCD57B9-2446-4B63-9A10-20458576EA5D} = {8726A30E-6649-42DC-8F8B-4229BD8E517F}
		{C3AF0489-4331-4591-8F98-5905A3486441} = {8726A30E-6649-42DC-8F8B-4229BD8E517F}
		{9E9B3946-B17E-4C6F-A0F2-0D2D70953817} = {8726A30E-6649-42DC-8F8B-4229BD8E517F}
		{9E194E95-67B8-4309-8857-46260E608B77} = {800A4439-0D45-427E-9390-3EF000FF5F4A}
		{3C148FE5-D0A6-42B8-8B66-EB5CAB76D281} = {800A4439-0D45-427E-9390-3EF000FF5F4A}
		{6E456E0E-BE52-40AC-AD86-A38E01DFFA7D} = {800A4439-0D45-427E-9390-3EF000FF5F4A}
	EndGlobalSection
	GlobalSection(ExtensibilityGlobals) = postSolution
		SolutionGuid = {61F7FB11-1E47-470C-91E2-47F8143E1572}
	EndGlobalSection
EndGlobal
