
Microsoft Visual Studio Solution File, Format Version 12.00
# Visual Studio Version 17
VisualStudioVersion = 17.0.31611.283
MinimumVisualStudioVersion = 10.0.40219.1
Project("{9A19103F-16F7-4668-BE54-9A1E7A4F7556}") = "PolarShadow.Core", "PolarShadow.Core\PolarShadow.Core.csproj", "{D8814AF4-51A4-4AEF-8B06-2F54157C364A}"
EndProject
Project("{2150E333-8FDC-42A3-9474-1A3956D46DE8}") = "Tests", "Tests", "{A0DA3243-6E13-4A97-A794-9AF90DF06F28}"
EndProject
Project("{9A19103F-16F7-4668-BE54-9A1E7A4F7556}") = "PolarShadowTests", "Tests\PolarShadowTests\PolarShadowTests.csproj", "{D948F56C-BB01-486C-BAAD-1C373A918C67}"
EndProject
Project("{9A19103F-16F7-4668-BE54-9A1E7A4F7556}") = "PolarShadow.Storage.Abstractions", "PolarShadow.Storage.Abstractions\PolarShadow.Storage.Abstractions.csproj", "{930758FF-EB25-49DB-B15E-8906AA2AD97B}"
EndProject
Project("{9A19103F-16F7-4668-BE54-9A1E7A4F7556}") = "PolarShadow.Storage", "PolarShadow.Storage\PolarShadow.Storage.csproj", "{796E2A08-2312-45A5-9091-EB901A83E0F3}"
EndProject
Project("{9A19103F-16F7-4668-BE54-9A1E7A4F7556}") = "PolarShadow.Storage.Sqlite.Migrations", "PolarShadow.Storage.Sqlite.Migrations\PolarShadow.Storage.Sqlite.Migrations.csproj", "{C148FBED-071E-4088-9B0A-1662B866A18E}"
EndProject
Project("{9A19103F-16F7-4668-BE54-9A1E7A4F7556}") = "PolarShadow.Api", "PolarShadow.Api\PolarShadow.Api.csproj", "{246F6DE1-E83C-493F-9B44-8876C1BFB64E}"
EndProject
Project("{9A19103F-16F7-4668-BE54-9A1E7A4F7556}") = "PolarShadow.Tool", "PolarShadow.Tool\PolarShadow.Tool.csproj", "{69C1D0FD-6ED3-4518-8EC7-E8204CD3B539}"
EndProject
Project("{9A19103F-16F7-4668-BE54-9A1E7A4F7556}") = "PolarShadow.Videos", "PolarShadow.Videos\PolarShadow.Videos.csproj", "{E6AEAB2E-A6E0-40CC-8988-45F373EEF44E}"
EndProject
Project("{9A19103F-16F7-4668-BE54-9A1E7A4F7556}") = "PolarShadow.Configuration", "PolarShadow.Configuration\PolarShadow.Configuration.csproj", "{2C9F4DC0-1C7E-492D-AA72-4748B59EFD6A}"
EndProject
Project("{9A19103F-16F7-4668-BE54-9A1E7A4F7556}") = "PolarShadow.Services.Abstractions", "PolarShadow.Services.Abstractions\PolarShadow.Services.Abstractions.csproj", "{15DFB1D9-7E86-464A-A327-DED420B78AC0}"
EndProject
Global
	GlobalSection(SolutionConfigurationPlatforms) = preSolution
		Debug|Any CPU = Debug|Any CPU
		Release|Any CPU = Release|Any CPU
	EndGlobalSection
	GlobalSection(ProjectConfigurationPlatforms) = postSolution
		{D8814AF4-51A4-4AEF-8B06-2F54157C364A}.Debug|Any CPU.ActiveCfg = Debug|Any CPU
		{D8814AF4-51A4-4AEF-8B06-2F54157C364A}.Debug|Any CPU.Build.0 = Debug|Any CPU
		{D8814AF4-51A4-4AEF-8B06-2F54157C364A}.Release|Any CPU.ActiveCfg = Release|Any CPU
		{D8814AF4-51A4-4AEF-8B06-2F54157C364A}.Release|Any CPU.Build.0 = Release|Any CPU
		{D948F56C-BB01-486C-BAAD-1C373A918C67}.Debug|Any CPU.ActiveCfg = Debug|Any CPU
		{D948F56C-BB01-486C-BAAD-1C373A918C67}.Debug|Any CPU.Build.0 = Debug|Any CPU
		{D948F56C-BB01-486C-BAAD-1C373A918C67}.Release|Any CPU.ActiveCfg = Release|Any CPU
		{D948F56C-BB01-486C-BAAD-1C373A918C67}.Release|Any CPU.Build.0 = Release|Any CPU
		{930758FF-EB25-49DB-B15E-8906AA2AD97B}.Debug|Any CPU.ActiveCfg = Debug|Any CPU
		{930758FF-EB25-49DB-B15E-8906AA2AD97B}.Debug|Any CPU.Build.0 = Debug|Any CPU
		{930758FF-EB25-49DB-B15E-8906AA2AD97B}.Release|Any CPU.ActiveCfg = Release|Any CPU
		{930758FF-EB25-49DB-B15E-8906AA2AD97B}.Release|Any CPU.Build.0 = Release|Any CPU
		{796E2A08-2312-45A5-9091-EB901A83E0F3}.Debug|Any CPU.ActiveCfg = Debug|Any CPU
		{796E2A08-2312-45A5-9091-EB901A83E0F3}.Debug|Any CPU.Build.0 = Debug|Any CPU
		{796E2A08-2312-45A5-9091-EB901A83E0F3}.Release|Any CPU.ActiveCfg = Release|Any CPU
		{796E2A08-2312-45A5-9091-EB901A83E0F3}.Release|Any CPU.Build.0 = Release|Any CPU
		{C148FBED-071E-4088-9B0A-1662B866A18E}.Debug|Any CPU.ActiveCfg = Debug|Any CPU
		{C148FBED-071E-4088-9B0A-1662B866A18E}.Debug|Any CPU.Build.0 = Debug|Any CPU
		{C148FBED-071E-4088-9B0A-1662B866A18E}.Release|Any CPU.ActiveCfg = Release|Any CPU
		{C148FBED-071E-4088-9B0A-1662B866A18E}.Release|Any CPU.Build.0 = Release|Any CPU
		{246F6DE1-E83C-493F-9B44-8876C1BFB64E}.Debug|Any CPU.ActiveCfg = Debug|Any CPU
		{246F6DE1-E83C-493F-9B44-8876C1BFB64E}.Debug|Any CPU.Build.0 = Debug|Any CPU
		{246F6DE1-E83C-493F-9B44-8876C1BFB64E}.Release|Any CPU.ActiveCfg = Release|Any CPU
		{246F6DE1-E83C-493F-9B44-8876C1BFB64E}.Release|Any CPU.Build.0 = Release|Any CPU
		{69C1D0FD-6ED3-4518-8EC7-E8204CD3B539}.Debug|Any CPU.ActiveCfg = Debug|Any CPU
		{69C1D0FD-6ED3-4518-8EC7-E8204CD3B539}.Debug|Any CPU.Build.0 = Debug|Any CPU
		{69C1D0FD-6ED3-4518-8EC7-E8204CD3B539}.Release|Any CPU.ActiveCfg = Release|Any CPU
		{69C1D0FD-6ED3-4518-8EC7-E8204CD3B539}.Release|Any CPU.Build.0 = Release|Any CPU
		{E6AEAB2E-A6E0-40CC-8988-45F373EEF44E}.Debug|Any CPU.ActiveCfg = Debug|Any CPU
		{E6AEAB2E-A6E0-40CC-8988-45F373EEF44E}.Debug|Any CPU.Build.0 = Debug|Any CPU
		{E6AEAB2E-A6E0-40CC-8988-45F373EEF44E}.Release|Any CPU.ActiveCfg = Release|Any CPU
		{E6AEAB2E-A6E0-40CC-8988-45F373EEF44E}.Release|Any CPU.Build.0 = Release|Any CPU
		{2C9F4DC0-1C7E-492D-AA72-4748B59EFD6A}.Debug|Any CPU.ActiveCfg = Debug|Any CPU
		{2C9F4DC0-1C7E-492D-AA72-4748B59EFD6A}.Debug|Any CPU.Build.0 = Debug|Any CPU
		{2C9F4DC0-1C7E-492D-AA72-4748B59EFD6A}.Release|Any CPU.ActiveCfg = Release|Any CPU
		{2C9F4DC0-1C7E-492D-AA72-4748B59EFD6A}.Release|Any CPU.Build.0 = Release|Any CPU
		{15DFB1D9-7E86-464A-A327-DED420B78AC0}.Debug|Any CPU.ActiveCfg = Debug|Any CPU
		{15DFB1D9-7E86-464A-A327-DED420B78AC0}.Debug|Any CPU.Build.0 = Debug|Any CPU
		{15DFB1D9-7E86-464A-A327-DED420B78AC0}.Release|Any CPU.ActiveCfg = Release|Any CPU
		{15DFB1D9-7E86-464A-A327-DED420B78AC0}.Release|Any CPU.Build.0 = Release|Any CPU
	EndGlobalSection
	GlobalSection(SolutionProperties) = preSolution
		HideSolutionNode = FALSE
	EndGlobalSection
	GlobalSection(NestedProjects) = preSolution
		{D948F56C-BB01-486C-BAAD-1C373A918C67} = {A0DA3243-6E13-4A97-A794-9AF90DF06F28}
	EndGlobalSection
	GlobalSection(ExtensibilityGlobals) = postSolution
		SolutionGuid = {61F7FB11-1E47-470C-91E2-47F8143E1572}
	EndGlobalSection
EndGlobal
